
Microsoft Visual Studio Solution File, Format Version 12.00
# Visual Studio 15
VisualStudioVersion = 15.0.27130.2020
MinimumVisualStudioVersion = 10.0.40219.1
Project("{FAE04EC0-301F-11D3-BF4B-00C04F79EFBC}") = "WebApiSegura", "WebApiSegura\WebApiSegura.csproj", "{6730CA63-BA54-433B-A4A6-DC5A34B7DFA4}"
EndProject
Global
	GlobalSection(SolutionConfigurationPlatforms) = preSolution
		Debug|Any CPU = Debug|Any CPU
		Release|Any CPU = Release|Any CPU
	EndGlobalSection
	GlobalSection(ProjectConfigurationPlatforms) = postSolution
		{6730CA63-BA54-433B-A4A6-DC5A34B7DFA4}.Debug|Any CPU.ActiveCfg = Debug|Any CPU
		{6730CA63-BA54-433B-A4A6-DC5A34B7DFA4}.Debug|Any CPU.Build.0 = Debug|Any CPU
		{6730CA63-BA54-433B-A4A6-DC5A34B7DFA4}.Release|Any CPU.ActiveCfg = Release|Any CPU
		{6730CA63-BA54-433B-A4A6-DC5A34B7DFA4}.Release|Any CPU.Build.0 = Release|Any CPU
	EndGlobalSection
	GlobalSection(SolutionProperties) = preSolution
		HideSolutionNode = FALSE
	EndGlobalSection
	GlobalSection(ExtensibilityGlobals) = postSolution
		SolutionGuid = {A83B0D64-B1D9-41A7-BC01-C50336A53720}
	EndGlobalSection
EndGlobal
